
Microsoft Visual Studio Solution File, Format Version 12.00
# Visual Studio Version 16
VisualStudioVersion = 16.0.31515.178
MinimumVisualStudioVersion = 10.0.40219.1
Project("{FAE04EC0-301F-11D3-BF4B-00C04F79EFBC}") = "ClientApplication", "ClientApplication.csproj", "{4DC6BA9E-40E2-4956-A0BD-099F887537DB}"
EndProject
Global
	GlobalSection(SolutionConfigurationPlatforms) = preSolution
		Debug|Any CPU = Debug|Any CPU
		Release|Any CPU = Release|Any CPU
	EndGlobalSection
	GlobalSection(ProjectConfigurationPlatforms) = postSolution
		{4DC6BA9E-40E2-4956-A0BD-099F887537DB}.Debug|Any CPU.ActiveCfg = Debug|Any CPU
		{4DC6BA9E-40E2-4956-A0BD-099F887537DB}.Debug|Any CPU.Build.0 = Debug|Any CPU
		{4DC6BA9E-40E2-4956-A0BD-099F887537DB}.Release|Any CPU.ActiveCfg = Release|Any CPU
		{4DC6BA9E-40E2-4956-A0BD-099F887537DB}.Release|Any CPU.Build.0 = Release|Any CPU
	EndGlobalSection
	GlobalSection(SolutionProperties) = preSolution
		HideSolutionNode = FALSE
	EndGlobalSection
	GlobalSection(ExtensibilityGlobals) = postSolution
		SolutionGuid = {62B10455-6E5F-4406-B34E-DAEFACB8D67D}
	EndGlobalSection
EndGlobal
